{
  "name": "OpenPlatform",
  "version": "3.0.0",
  "lockfileVersion": 1,
  "requires": true,
  "dependencies": {
    "total.js": {
      "version": "3.4.8",
      "resolved": "https://registry.npmjs.org/total.js/-/total.js-3.4.8.tgz",
      "integrity": "sha512-xWBildwUgYpybZ6KjW7yOTl2bRQ6mcjEOyYm0UuFfp48gFTz9hsAREIyYdesb45L4HC1VVH1BDc7AsOlOV0GvQ=="
    }
  }
}
